{
  "version": "4",
  "specifiers": {
    "jsr:@muni-town/leaf@~0.2.0-preview.13": "0.2.0-preview.13",
    "jsr:@std/fs@1.0.10": "1.0.10",
    "jsr:@std/path@1.0.8": "1.0.8",
    "jsr:@std/path@^1.0.8": "1.0.8",
    "npm:@automerge/automerge-repo-storage-indexeddb@^1.2.1": "1.2.1",
    "npm:@aws-sdk/client-s3@*": "3.787.0",
    "npm:@msgpack/msgpack@^3.1.1": "3.1.1",
    "npm:arktype@^2.1.9": "2.1.19",
    "npm:base32-decode@1": "1.0.0",
    "npm:base32-encode@2": "2.0.0",
    "npm:bcryptjs@*": "3.0.2",
    "npm:itty-router@*": "5.0.18",
    "npm:loro-crdt@^1.5.1": "1.5.1",
    "npm:svelte@^5.23.0": "5.25.8_acorn@8.14.1"
  },
  "jsr": {
    "@muni-town/leaf@0.2.0-preview.13": {
      "integrity": "8029c2aacdc40537edca1d594e5942f2db90a944651bf4a8bf86a3d3074bcdef",
      "dependencies": [
        "jsr:@std/fs",
        "jsr:@std/path@1.0.8",
        "npm:@automerge/automerge-repo-storage-indexeddb",
        "npm:@msgpack/msgpack",
        "npm:arktype",
        "npm:base32-decode",
        "npm:base32-encode",
        "npm:loro-crdt",
        "npm:svelte"
      ]
    },
    "@std/fs@1.0.10": {
      "integrity": "bf041f9d7a0a460817f0421be8946d0e06011b3433e6c83a215628de5e3c7c2c",
      "dependencies": [
        "jsr:@std/path@^1.0.8"
      ]
    },
    "@std/path@1.0.8": {
      "integrity": "548fa456bb6a04d3c1a1e7477986b6cffbce95102d0bb447c67c4ee70e0364be"
    }
  },
  "npm": {
    "@ampproject/remapping@2.3.0": {
      "integrity": "sha512-30iZtAPgz+LTIYoeivqYo853f02jBYSd5uGnGpkFV0M3xOt9aN73erkgYAmZU43x4VfqcnLxW9Kpg3R5LC4YYw==",
      "dependencies": [
        "@jridgewell/gen-mapping",
        "@jridgewell/trace-mapping@0.3.25"
      ]
    },
    "@ark/schema@0.45.9": {
      "integrity": "sha512-rG0v/JI0sibn/0wERAHTYVLCtEqoMP2IIlxnb+S5DrEjCI5wpubbZSWMDW50tZ8tV6FANu6zzHDeeKbp6lsZdg==",
      "dependencies": [
        "@ark/util"
      ]
    },
    "@ark/util@0.45.9": {
      "integrity": "sha512-0WYNAb8aRGp7dNt6xIvIrRzL7V1XL3u3PK2vcklhtTrdaP235DjC9qJhzidrxtWr68mA5ySSjUrgrXk622bKkw=="
    },
    "@automerge/automerge-repo-storage-indexeddb@1.2.1": {
      "integrity": "sha512-u+9eZZJK7DAr541buF4ut1ipkuiKRoaAtoFYo/ilq7zOLO7JX+GQOFx/8eKKRDlGt/AHTcDaFktkcaX0vKahQQ==",
      "dependencies": [
        "@automerge/automerge-repo"
      ]
    },
    "@automerge/automerge-repo@1.2.1": {
      "integrity": "sha512-uEBr4bM01aSWkEt2tDKQxfW0Pahz2zbTTn4sRJfeKJlAg2SLr4QepFJ+3Tp4CNEkkU485olfnKYf6gt7uilMZQ==",
      "dependencies": [
        "@automerge/automerge",
        "bs58check",
        "cbor-x",
        "debug",
        "eventemitter3",
        "fast-sha256",
        "tiny-typed-emitter",
        "ts-node",
        "uuid",
        "xstate"
      ]
    },
    "@automerge/automerge@2.2.8": {
      "integrity": "sha512-kP6Z9lIkNeIGe/jhF8SUQAgUMwVjtXCBL0eZEgQGCoWvPNTPcg8fnQco28XkYBrfkkuqiEUAbdHhJmSp0y79ug==",
      "dependencies": [
        "uuid"
      ]
    },
    "@aws-crypto/crc32@5.2.0": {
      "integrity": "sha512-nLbCWqQNgUiwwtFsen1AdzAtvuLRsQS8rYgMuxCrdKf9kOssamGLuPwyTY9wyYblNr9+1XM8v6zoDTPPSIeANg==",
      "dependencies": [
        "@aws-crypto/util",
        "@aws-sdk/types",
        "tslib"
      ]
    },
    "@aws-crypto/crc32c@5.2.0": {
      "integrity": "sha512-+iWb8qaHLYKrNvGRbiYRHSdKRWhto5XlZUEBwDjYNf+ly5SVYG6zEoYIdxvf5R3zyeP16w4PLBn3rH1xc74Rag==",
      "dependencies": [
        "@aws-crypto/util",
        "@aws-sdk/types",
        "tslib"
      ]
    },
    "@aws-crypto/sha1-browser@5.2.0": {
      "integrity": "sha512-OH6lveCFfcDjX4dbAvCFSYUjJZjDr/3XJ3xHtjn3Oj5b9RjojQo8npoLeA/bNwkOkrSQ0wgrHzXk4tDRxGKJeg==",
      "dependencies": [
        "@aws-crypto/supports-web-crypto",
        "@aws-crypto/util",
        "@aws-sdk/types",
        "@aws-sdk/util-locate-window",
        "@smithy/util-utf8@2.3.0",
        "tslib"
      ]
    },
    "@aws-crypto/sha256-browser@5.2.0": {
      "integrity": "sha512-AXfN/lGotSQwu6HNcEsIASo7kWXZ5HYWvfOmSNKDsEqC4OashTp8alTmaz+F7TC2L083SFv5RdB+qU3Vs1kZqw==",
      "dependencies": [
        "@aws-crypto/sha256-js",
        "@aws-crypto/supports-web-crypto",
        "@aws-crypto/util",
        "@aws-sdk/types",
        "@aws-sdk/util-locate-window",
        "@smithy/util-utf8@2.3.0",
        "tslib"
      ]
    },
    "@aws-crypto/sha256-js@5.2.0": {
      "integrity": "sha512-FFQQyu7edu4ufvIZ+OadFpHHOt+eSTBaYaki44c+akjg7qZg9oOQeLlk77F6tSYqjDAFClrHJk9tMf0HdVyOvA==",
      "dependencies": [
        "@aws-crypto/util",
        "@aws-sdk/types",
        "tslib"
      ]
    },
    "@aws-crypto/supports-web-crypto@5.2.0": {
      "integrity": "sha512-iAvUotm021kM33eCdNfwIN//F77/IADDSs58i+MDaOqFrVjZo9bAal0NK7HurRuWLLpF1iLX7gbWrjHjeo+YFg==",
      "dependencies": [
        "tslib"
      ]
    },
    "@aws-crypto/util@5.2.0": {
      "integrity": "sha512-4RkU9EsI6ZpBve5fseQlGNUWKMa1RLPQ1dnjnQoe07ldfIzcsGb5hC5W0Dm7u423KWzawlrpbjXBrXCEv9zazQ==",
      "dependencies": [
        "@aws-sdk/types",
        "@smithy/util-utf8@2.3.0",
        "tslib"
      ]
    },
    "@aws-sdk/client-s3@3.787.0": {
      "integrity": "sha512-eGLCWkN0NlntJ9yPU6OKUggVS4cFvuZJog+cFg1KD5hniLqz7Y0YRtB4uBxW212fK3XCfddgyscEOEeHaTQQTw==",
      "dependencies": [
        "@aws-crypto/sha1-browser",
        "@aws-crypto/sha256-browser",
        "@aws-crypto/sha256-js",
        "@aws-sdk/core",
        "@aws-sdk/credential-provider-node",
        "@aws-sdk/middleware-bucket-endpoint",
        "@aws-sdk/middleware-expect-continue",
        "@aws-sdk/middleware-flexible-checksums",
        "@aws-sdk/middleware-host-header",
        "@aws-sdk/middleware-location-constraint",
        "@aws-sdk/middleware-logger",
        "@aws-sdk/middleware-recursion-detection",
        "@aws-sdk/middleware-sdk-s3",
        "@aws-sdk/middleware-ssec",
        "@aws-sdk/middleware-user-agent",
        "@aws-sdk/region-config-resolver",
        "@aws-sdk/signature-v4-multi-region",
        "@aws-sdk/types",
        "@aws-sdk/util-endpoints",
        "@aws-sdk/util-user-agent-browser",
        "@aws-sdk/util-user-agent-node",
        "@aws-sdk/xml-builder",
        "@smithy/config-resolver",
        "@smithy/core",
        "@smithy/eventstream-serde-browser",
        "@smithy/eventstream-serde-config-resolver",
        "@smithy/eventstream-serde-node",
        "@smithy/fetch-http-handler",
        "@smithy/hash-blob-browser",
        "@smithy/hash-node",
        "@smithy/hash-stream-node",
        "@smithy/invalid-dependency",
        "@smithy/md5-js",
        "@smithy/middleware-content-length",
        "@smithy/middleware-endpoint",
        "@smithy/middleware-retry",
        "@smithy/middleware-serde",
        "@smithy/middleware-stack",
        "@smithy/node-config-provider",
        "@smithy/node-http-handler",
        "@smithy/protocol-http",
        "@smithy/smithy-client",
        "@smithy/types",
        "@smithy/url-parser",
        "@smithy/util-base64",
        "@smithy/util-body-length-browser",
        "@smithy/util-body-length-node",
        "@smithy/util-defaults-mode-browser",
        "@smithy/util-defaults-mode-node",
        "@smithy/util-endpoints",
        "@smithy/util-middleware",
        "@smithy/util-retry",
        "@smithy/util-stream",
        "@smithy/util-utf8@4.0.0",
        "@smithy/util-waiter",
        "tslib"
      ]
    },
    "@aws-sdk/client-sso@3.787.0": {
      "integrity": "sha512-L8R+Mh258G0DC73ktpSVrG4TT9i2vmDLecARTDR/4q5sRivdDQSL5bUp3LKcK80Bx+FRw3UETIlX6mYMLL9PJQ==",
      "dependencies": [
        "@aws-crypto/sha256-browser",
        "@aws-crypto/sha256-js",
        "@aws-sdk/core",
        "@aws-sdk/middleware-host-header",
        "@aws-sdk/middleware-logger",
        "@aws-sdk/middleware-recursion-detection",
        "@aws-sdk/middleware-user-agent",
        "@aws-sdk/region-config-resolver",
        "@aws-sdk/types",
        "@aws-sdk/util-endpoints",
        "@aws-sdk/util-user-agent-browser",
        "@aws-sdk/util-user-agent-node",
        "@smithy/config-resolver",
        "@smithy/core",
        "@smithy/fetch-http-handler",
        "@smithy/hash-node",
        "@smithy/invalid-dependency",
        "@smithy/middleware-content-length",
        "@smithy/middleware-endpoint",
        "@smithy/middleware-retry",
        "@smithy/middleware-serde",
        "@smithy/middleware-stack",
        "@smithy/node-config-provider",
        "@smithy/node-http-handler",
        "@smithy/protocol-http",
        "@smithy/smithy-client",
        "@smithy/types",
        "@smithy/url-parser",
        "@smithy/util-base64",
        "@smithy/util-body-length-browser",
        "@smithy/util-body-length-node",
        "@smithy/util-defaults-mode-browser",
        "@smithy/util-defaults-mode-node",
        "@smithy/util-endpoints",
        "@smithy/util-middleware",
        "@smithy/util-retry",
        "@smithy/util-utf8@4.0.0",
        "tslib"
      ]
    },
    "@aws-sdk/core@3.775.0": {
      "integrity": "sha512-8vpW4WihVfz0DX+7WnnLGm3GuQER++b0IwQG35JlQMlgqnc44M//KbJPsIHA0aJUJVwJAEShgfr5dUbY8WUzaA==",
      "dependencies": [
        "@aws-sdk/types",
        "@smithy/core",
        "@smithy/node-config-provider",
        "@smithy/property-provider",
        "@smithy/protocol-http",
        "@smithy/signature-v4",
        "@smithy/smithy-client",
        "@smithy/types",
        "@smithy/util-middleware",
        "fast-xml-parser",
        "tslib"
      ]
    },
    "@aws-sdk/credential-provider-env@3.775.0": {
      "integrity": "sha512-6ESVxwCbGm7WZ17kY1fjmxQud43vzJFoLd4bmlR+idQSWdqlzGDYdcfzpjDKTcivdtNrVYmFvcH1JBUwCRAZhw==",
      "dependencies": [
        "@aws-sdk/core",
        "@aws-sdk/types",
        "@smithy/property-provider",
        "@smithy/types",
        "tslib"
      ]
    },
    "@aws-sdk/credential-provider-http@3.775.0": {
      "integrity": "sha512-PjDQeDH/J1S0yWV32wCj2k5liRo0ssXMseCBEkCsD3SqsU8o5cU82b0hMX4sAib/RkglCSZqGO0xMiN0/7ndww==",
      "dependencies": [
        "@aws-sdk/core",
        "@aws-sdk/types",
        "@smithy/fetch-http-handler",
        "@smithy/node-http-handler",
        "@smithy/property-provider",
        "@smithy/protocol-http",
        "@smithy/smithy-client",
        "@smithy/types",
        "@smithy/util-stream",
        "tslib"
      ]
    },
    "@aws-sdk/credential-provider-ini@3.787.0": {
      "integrity": "sha512-hc2taRoDlXn2uuNuHWDJljVWYrp3r9JF1a/8XmOAZhVUNY+ImeeStylHXhXXKEA4JOjW+5PdJj0f1UDkVCHJiQ==",
      "dependencies": [
        "@aws-sdk/core",
        "@aws-sdk/credential-provider-env",
        "@aws-sdk/credential-provider-http",
        "@aws-sdk/credential-provider-process",
        "@aws-sdk/credential-provider-sso",
        "@aws-sdk/credential-provider-web-identity",
        "@aws-sdk/nested-clients",
        "@aws-sdk/types",
        "@smithy/credential-provider-imds",
        "@smithy/property-provider",
        "@smithy/shared-ini-file-loader",
        "@smithy/types",
        "tslib"
      ]
    },
    "@aws-sdk/credential-provider-node@3.787.0": {
      "integrity": "sha512-JioVi44B1vDMaK2CdzqimwvJD3uzvzbQhaEWXsGMBcMcNHajXAXf08EF50JG3ZhLrhhUsT1ObXpbTaPINOhh+g==",
      "dependencies": [
        "@aws-sdk/credential-provider-env",
        "@aws-sdk/credential-provider-http",
        "@aws-sdk/credential-provider-ini",
        "@aws-sdk/credential-provider-process",
        "@aws-sdk/credential-provider-sso",
        "@aws-sdk/credential-provider-web-identity",
        "@aws-sdk/types",
        "@smithy/credential-provider-imds",
        "@smithy/property-provider",
        "@smithy/shared-ini-file-loader",
        "@smithy/types",
        "tslib"
      ]
    },
    "@aws-sdk/credential-provider-process@3.775.0": {
      "integrity": "sha512-A6k68H9rQp+2+7P7SGO90Csw6nrUEm0Qfjpn9Etc4EboZhhCLs9b66umUsTsSBHus4FDIe5JQxfCUyt1wgNogg==",
      "dependencies": [
        "@aws-sdk/core",
        "@aws-sdk/types",
        "@smithy/property-provider",
        "@smithy/shared-ini-file-loader",
        "@smithy/types",
        "tslib"
      ]
    },
    "@aws-sdk/credential-provider-sso@3.787.0": {
      "integrity": "sha512-fHc08bsvwm4+dEMEQKnQ7c1irEQmmxbgS+Fq41y09pPvPh31nAhoMcjBSTWAaPHvvsRbTYvmP4Mf12ZGr8/nfg==",
      "dependencies": [
        "@aws-sdk/client-sso",
        "@aws-sdk/core",
        "@aws-sdk/token-providers",
        "@aws-sdk/types",
        "@smithy/property-provider",
        "@smithy/shared-ini-file-loader",
        "@smithy/types",
        "tslib"
      ]
    },
    "@aws-sdk/credential-provider-web-identity@3.787.0": {
      "integrity": "sha512-SobmCwNbk6TfEsF283mZPQEI5vV2j6eY5tOCj8Er4Lzraxu9fBPADV+Bib2A8F6jlB1lMPJzOuDCbEasSt/RIw==",
      "dependencies": [
        "@aws-sdk/core",
        "@aws-sdk/nested-clients",
        "@aws-sdk/types",
        "@smithy/property-provider",
        "@smithy/types",
        "tslib"
      ]
    },
    "@aws-sdk/middleware-bucket-endpoint@3.775.0": {
      "integrity": "sha512-qogMIpVChDYr4xiUNC19/RDSw/sKoHkAhouS6Skxiy6s27HBhow1L3Z1qVYXuBmOZGSWPU0xiyZCvOyWrv9s+Q==",
      "dependencies": [
        "@aws-sdk/types",
        "@aws-sdk/util-arn-parser",
        "@smithy/node-config-provider",
        "@smithy/protocol-http",
        "@smithy/types",
        "@smithy/util-config-provider",
        "tslib"
      ]
    },
    "@aws-sdk/middleware-expect-continue@3.775.0": {
      "integrity": "sha512-Apd3owkIeUW5dnk3au9np2IdW2N0zc9NjTjHiH+Mx3zqwSrc+m+ANgJVgk9mnQjMzU/vb7VuxJ0eqdEbp5gYsg==",
      "dependencies": [
        "@aws-sdk/types",
        "@smithy/protocol-http",
        "@smithy/types",
        "tslib"
      ]
    },
    "@aws-sdk/middleware-flexible-checksums@3.787.0": {
      "integrity": "sha512-X71qEwWoixFmwowWzlPoZUR3u1CWJ7iAzU0EzIxqmPhQpQJLFmdL1+SRjqATynDPZQzLs1a5HBtPT++EnZ+Quw==",
      "dependencies": [
        "@aws-crypto/crc32",
        "@aws-crypto/crc32c",
        "@aws-crypto/util",
        "@aws-sdk/core",
        "@aws-sdk/types",
        "@smithy/is-array-buffer@4.0.0",
        "@smithy/node-config-provider",
        "@smithy/protocol-http",
        "@smithy/types",
        "@smithy/util-middleware",
        "@smithy/util-stream",
        "@smithy/util-utf8@4.0.0",
        "tslib"
      ]
    },
    "@aws-sdk/middleware-host-header@3.775.0": {
      "integrity": "sha512-tkSegM0Z6WMXpLB8oPys/d+umYIocvO298mGvcMCncpRl77L9XkvSLJIFzaHes+o7djAgIduYw8wKIMStFss2w==",
      "dependencies": [
        "@aws-sdk/types",
        "@smithy/protocol-http",
        "@smithy/types",
        "tslib"
      ]
    },
    "@aws-sdk/middleware-location-constraint@3.775.0": {
      "integrity": "sha512-8TMXEHZXZTFTckQLyBT5aEI8fX11HZcwZseRifvBKKpj0RZDk4F0EEYGxeNSPpUQ7n+PRWyfAEnnZNRdAj/1NQ==",
      "dependencies": [
        "@aws-sdk/types",
        "@smithy/types",
        "tslib"
      ]
    },
    "@aws-sdk/middleware-logger@3.775.0": {
      "integrity": "sha512-FaxO1xom4MAoUJsldmR92nT1G6uZxTdNYOFYtdHfd6N2wcNaTuxgjIvqzg5y7QIH9kn58XX/dzf1iTjgqUStZw==",
      "dependencies": [
        "@aws-sdk/types",
        "@smithy/types",
        "tslib"
      ]
    },
    "@aws-sdk/middleware-recursion-detection@3.775.0": {
      "integrity": "sha512-GLCzC8D0A0YDG5u3F5U03Vb9j5tcOEFhr8oc6PDk0k0vm5VwtZOE6LvK7hcCSoAB4HXyOUM0sQuXrbaAh9OwXA==",
      "dependencies": [
        "@aws-sdk/types",
        "@smithy/protocol-http",
        "@smithy/types",
        "tslib"
      ]
    },
    "@aws-sdk/middleware-sdk-s3@3.775.0": {
      "integrity": "sha512-zsvcu7cWB28JJ60gVvjxPCI7ZU7jWGcpNACPiZGyVtjYXwcxyhXbYEVDSWKsSA6ERpz9XrpLYod8INQWfW3ECg==",
      "dependencies": [
        "@aws-sdk/core",
        "@aws-sdk/types",
        "@aws-sdk/util-arn-parser",
        "@smithy/core",
        "@smithy/node-config-provider",
        "@smithy/protocol-http",
        "@smithy/signature-v4",
        "@smithy/smithy-client",
        "@smithy/types",
        "@smithy/util-config-provider",
        "@smithy/util-middleware",
        "@smithy/util-stream",
        "@smithy/util-utf8@4.0.0",
        "tslib"
      ]
    },
    "@aws-sdk/middleware-ssec@3.775.0": {
      "integrity": "sha512-Iw1RHD8vfAWWPzBBIKaojO4GAvQkHOYIpKdAfis/EUSUmSa79QsnXnRqsdcE0mCB0Ylj23yi+ah4/0wh9FsekA==",
      "dependencies": [
        "@aws-sdk/types",
        "@smithy/types",
        "tslib"
      ]
    },
    "@aws-sdk/middleware-user-agent@3.787.0": {
      "integrity": "sha512-Lnfj8SmPLYtrDFthNIaNj66zZsBCam+E4XiUDr55DIHTGstH6qZ/q6vg0GfbukxwSmUcGMwSR4Qbn8rb8yd77g==",
      "dependencies": [
        "@aws-sdk/core",
        "@aws-sdk/types",
        "@aws-sdk/util-endpoints",
        "@smithy/core",
        "@smithy/protocol-http",
        "@smithy/types",
        "tslib"
      ]
    },
    "@aws-sdk/nested-clients@3.787.0": {
      "integrity": "sha512-xk03q1xpKNHgbuo+trEf1dFrI239kuMmjKKsqLEsHlAZbuFq4yRGMlHBrVMnKYOPBhVFDS/VineM991XI52fKg==",
      "dependencies": [
        "@aws-crypto/sha256-browser",
        "@aws-crypto/sha256-js",
        "@aws-sdk/core",
        "@aws-sdk/middleware-host-header",
        "@aws-sdk/middleware-logger",
        "@aws-sdk/middleware-recursion-detection",
        "@aws-sdk/middleware-user-agent",
        "@aws-sdk/region-config-resolver",
        "@aws-sdk/types",
        "@aws-sdk/util-endpoints",
        "@aws-sdk/util-user-agent-browser",
        "@aws-sdk/util-user-agent-node",
        "@smithy/config-resolver",
        "@smithy/core",
        "@smithy/fetch-http-handler",
        "@smithy/hash-node",
        "@smithy/invalid-dependency",
        "@smithy/middleware-content-length",
        "@smithy/middleware-endpoint",
        "@smithy/middleware-retry",
        "@smithy/middleware-serde",
        "@smithy/middleware-stack",
        "@smithy/node-config-provider",
        "@smithy/node-http-handler",
        "@smithy/protocol-http",
        "@smithy/smithy-client",
        "@smithy/types",
        "@smithy/url-parser",
        "@smithy/util-base64",
        "@smithy/util-body-length-browser",
        "@smithy/util-body-length-node",
        "@smithy/util-defaults-mode-browser",
        "@smithy/util-defaults-mode-node",
        "@smithy/util-endpoints",
        "@smithy/util-middleware",
        "@smithy/util-retry",
        "@smithy/util-utf8@4.0.0",
        "tslib"
      ]
    },
    "@aws-sdk/region-config-resolver@3.775.0": {
      "integrity": "sha512-40iH3LJjrQS3LKUJAl7Wj0bln7RFPEvUYKFxtP8a+oKFDO0F65F52xZxIJbPn6sHkxWDAnZlGgdjZXM3p2g5wQ==",
      "dependencies": [
        "@aws-sdk/types",
        "@smithy/node-config-provider",
        "@smithy/types",
        "@smithy/util-config-provider",
        "@smithy/util-middleware",
        "tslib"
      ]
    },
    "@aws-sdk/signature-v4-multi-region@3.775.0": {
      "integrity": "sha512-cnGk8GDfTMJ8p7+qSk92QlIk2bmTmFJqhYxcXZ9PysjZtx0xmfCMxnG3Hjy1oU2mt5boPCVSOptqtWixayM17g==",
      "dependencies": [
        "@aws-sdk/middleware-sdk-s3",
        "@aws-sdk/types",
        "@smithy/protocol-http",
        "@smithy/signature-v4",
        "@smithy/types",
        "tslib"
      ]
    },
    "@aws-sdk/token-providers@3.787.0": {
      "integrity": "sha512-d7/NIqxq308Zg0RPMNrmn0QvzniL4Hx8Qdwzr6YZWLYAbUSvZYS2ppLR3BFWSkV6SsTJUx8BuDaj3P8vttkrog==",
      "dependencies": [
        "@aws-sdk/nested-clients",
        "@aws-sdk/types",
        "@smithy/property-provider",
        "@smithy/shared-ini-file-loader",
        "@smithy/types",
        "tslib"
      ]
    },
    "@aws-sdk/types@3.775.0": {
      "integrity": "sha512-ZoGKwa4C9fC9Av6bdfqcW6Ix5ot05F/S4VxWR2nHuMv7hzfmAjTOcUiWT7UR4hM/U0whf84VhDtXN/DWAk52KA==",
      "dependencies": [
        "@smithy/types",
        "tslib"
      ]
    },
    "@aws-sdk/util-arn-parser@3.723.0": {
      "integrity": "sha512-ZhEfvUwNliOQROcAk34WJWVYTlTa4694kSVhDSjW6lE1bMataPnIN8A0ycukEzBXmd8ZSoBcQLn6lKGl7XIJ5w==",
      "dependencies": [
        "tslib"
      ]
    },
    "@aws-sdk/util-endpoints@3.787.0": {
      "integrity": "sha512-fd3zkiOkwnbdbN0Xp9TsP5SWrmv0SpT70YEdbb8wAj2DWQwiCmFszaSs+YCvhoCdmlR3Wl9Spu0pGpSAGKeYvQ==",
      "dependencies": [
        "@aws-sdk/types",
        "@smithy/types",
        "@smithy/util-endpoints",
        "tslib"
      ]
    },
    "@aws-sdk/util-locate-window@3.723.0": {
      "integrity": "sha512-Yf2CS10BqK688DRsrKI/EO6B8ff5J86NXe4C+VCysK7UOgN0l1zOTeTukZ3H8Q9tYYX3oaF1961o8vRkFm7Nmw==",
      "dependencies": [
        "tslib"
      ]
    },
    "@aws-sdk/util-user-agent-browser@3.775.0": {
      "integrity": "sha512-txw2wkiJmZKVdDbscK7VBK+u+TJnRtlUjRTLei+elZg2ADhpQxfVAQl436FUeIv6AhB/oRHW6/K/EAGXUSWi0A==",
      "dependencies": [
        "@aws-sdk/types",
        "@smithy/types",
        "bowser",
        "tslib"
      ]
    },
    "@aws-sdk/util-user-agent-node@3.787.0": {
      "integrity": "sha512-mG7Lz8ydfG4SF9e8WSXiPQ/Lsn3n8A5B5jtPROidafi06I3ckV2WxyMLdwG14m919NoS6IOfWHyRGSqWIwbVKA==",
      "dependencies": [
        "@aws-sdk/middleware-user-agent",
        "@aws-sdk/types",
        "@smithy/node-config-provider",
        "@smithy/types",
        "tslib"
      ]
    },
    "@aws-sdk/xml-builder@3.775.0": {
      "integrity": "sha512-b9NGO6FKJeLGYnV7Z1yvcP1TNU4dkD5jNsLWOF1/sygZoASaQhNOlaiJ/1OH331YQ1R1oWk38nBb0frsYkDsOQ==",
      "dependencies": [
        "@smithy/types",
        "tslib"
      ]
    },
    "@cbor-extract/cbor-extract-darwin-arm64@2.2.0": {
      "integrity": "sha512-P7swiOAdF7aSi0H+tHtHtr6zrpF3aAq/W9FXx5HektRvLTM2O89xCyXF3pk7pLc7QpaY7AoaE8UowVf9QBdh3w=="
    },
    "@cbor-extract/cbor-extract-darwin-x64@2.2.0": {
      "integrity": "sha512-1liF6fgowph0JxBbYnAS7ZlqNYLf000Qnj4KjqPNW4GViKrEql2MgZnAsExhY9LSy8dnvA4C0qHEBgPrll0z0w=="
    },
    "@cbor-extract/cbor-extract-linux-arm64@2.2.0": {
      "integrity": "sha512-rQvhNmDuhjTVXSPFLolmQ47/ydGOFXtbR7+wgkSY0bdOxCFept1hvg59uiLPT2fVDuJFuEy16EImo5tE2x3RsQ=="
    },
    "@cbor-extract/cbor-extract-linux-arm@2.2.0": {
      "integrity": "sha512-QeBcBXk964zOytiedMPQNZr7sg0TNavZeuUCD6ON4vEOU/25+pLhNN6EDIKJ9VLTKaZ7K7EaAriyYQ1NQ05s/Q=="
    },
    "@cbor-extract/cbor-extract-linux-x64@2.2.0": {
      "integrity": "sha512-cWLAWtT3kNLHSvP4RKDzSTX9o0wvQEEAj4SKvhWuOVZxiDAeQazr9A+PSiRILK1VYMLeDml89ohxCnUNQNQNCw=="
    },
    "@cbor-extract/cbor-extract-win32-x64@2.2.0": {
      "integrity": "sha512-l2M+Z8DO2vbvADOBNLbbh9y5ST1RY5sqkWOg/58GkUPBYou/cuNZ68SGQ644f1CvZ8kcOxyZtw06+dxWHIoN/w=="
    },
    "@cspotcode/source-map-support@0.8.1": {
      "integrity": "sha512-IchNf6dN4tHoMFIn/7OE8LWZ19Y6q/67Bmf6vnGREv8RSbBVb9LPJxEcnwrcwX6ixSvaiGoomAUvu4YSxXrVgw==",
      "dependencies": [
        "@jridgewell/trace-mapping@0.3.9"
      ]
    },
    "@jridgewell/gen-mapping@0.3.8": {
      "integrity": "sha512-imAbBGkb+ebQyxKgzv5Hu2nmROxoDOXHh80evxdoXNOrvAnVx7zimzc1Oo5h9RlfV4vPXaE2iM5pOFbvOCClWA==",
      "dependencies": [
        "@jridgewell/set-array",
        "@jridgewell/sourcemap-codec",
        "@jridgewell/trace-mapping@0.3.25"
      ]
    },
    "@jridgewell/resolve-uri@3.1.2": {
      "integrity": "sha512-bRISgCIjP20/tbWSPWMEi54QVPRZExkuD9lJL+UIxUKtwVJA8wW1Trb1jMs1RFXo1CBTNZ/5hpC9QvmKWdopKw=="
    },
    "@jridgewell/set-array@1.2.1": {
      "integrity": "sha512-R8gLRTZeyp03ymzP/6Lil/28tGeGEzhx1q2k703KGWRAI1VdvPIXdG70VJc2pAMw3NA6JKL5hhFu1sJX0Mnn/A=="
    },
    "@jridgewell/sourcemap-codec@1.5.0": {
      "integrity": "sha512-gv3ZRaISU3fjPAgNsriBRqGWQL6quFx04YMPW/zD8XMLsU32mhCCbfbO6KZFLjvYpCZ8zyDEgqsgf+PwPaM7GQ=="
    },
    "@jridgewell/trace-mapping@0.3.25": {
      "integrity": "sha512-vNk6aEwybGtawWmy/PzwnGDOjCkLWSD2wqvjGGAgOAwCGWySYXfYoxt00IJkTF+8Lb57DwOb3Aa0o9CApepiYQ==",
      "dependencies": [
        "@jridgewell/resolve-uri",
        "@jridgewell/sourcemap-codec"
      ]
    },
    "@jridgewell/trace-mapping@0.3.9": {
      "integrity": "sha512-3Belt6tdc8bPgAtbcmdtNJlirVoTmEb5e2gC94PnkwEW9jI6CAHUeoG85tjWP5WquqfavoMtMwiG4P926ZKKuQ==",
      "dependencies": [
        "@jridgewell/resolve-uri",
        "@jridgewell/sourcemap-codec"
      ]
    },
    "@msgpack/msgpack@3.1.1": {
      "integrity": "sha512-DnBpqkMOUGayNVKyTLlkM6ILmU/m/+VUxGkuQlPQVAcvreLz5jn1OlQnWd8uHKL/ZSiljpM12rjRhr51VtvJUQ=="
    },
    "@noble/hashes@1.7.1": {
      "integrity": "sha512-B8XBPsn4vT/KJAGqDzbwztd+6Yte3P4V7iafm24bxgDe/mlRuK6xmWPuCNrKt2vDafZ8MfJLlchDG/vYafQEjQ=="
    },
    "@smithy/abort-controller@4.0.2": {
      "integrity": "sha512-Sl/78VDtgqKxN2+1qduaVE140XF+Xg+TafkncspwM4jFP/LHr76ZHmIY/y3V1M0mMLNk+Je6IGbzxy23RSToMw==",
      "dependencies": [
        "@smithy/types",
        "tslib"
      ]
    },
    "@smithy/chunked-blob-reader-native@4.0.0": {
      "integrity": "sha512-R9wM2yPmfEMsUmlMlIgSzOyICs0x9uu7UTHoccMyt7BWw8shcGM8HqB355+BZCPBcySvbTYMs62EgEQkNxz2ig==",
      "dependencies": [
        "@smithy/util-base64",
        "tslib"
      ]
    },
    "@smithy/chunked-blob-reader@5.0.0": {
      "integrity": "sha512-+sKqDBQqb036hh4NPaUiEkYFkTUGYzRsn3EuFhyfQfMy6oGHEUJDurLP9Ufb5dasr/XiAmPNMr6wa9afjQB+Gw==",
      "dependencies": [
        "tslib"
      ]
    },
    "@smithy/config-resolver@4.1.0": {
      "integrity": "sha512-8smPlwhga22pwl23fM5ew4T9vfLUCeFXlcqNOCD5M5h8VmNPNUE9j6bQSuRXpDSV11L/E/SwEBQuW8hr6+nS1A==",
      "dependencies": [
        "@smithy/node-config-provider",
        "@smithy/types",
        "@smithy/util-config-provider",
        "@smithy/util-middleware",
        "tslib"
      ]
    },
    "@smithy/core@3.2.0": {
      "integrity": "sha512-k17bgQhVZ7YmUvA8at4af1TDpl0NDMBuBKJl8Yg0nrefwmValU+CnA5l/AriVdQNthU/33H3nK71HrLgqOPr1Q==",
      "dependencies": [
        "@smithy/middleware-serde",
        "@smithy/protocol-http",
        "@smithy/types",
        "@smithy/util-body-length-browser",
        "@smithy/util-middleware",
        "@smithy/util-stream",
        "@smithy/util-utf8@4.0.0",
        "tslib"
      ]
    },
    "@smithy/credential-provider-imds@4.0.2": {
      "integrity": "sha512-32lVig6jCaWBHnY+OEQ6e6Vnt5vDHaLiydGrwYMW9tPqO688hPGTYRamYJ1EptxEC2rAwJrHWmPoKRBl4iTa8w==",
      "dependencies": [
        "@smithy/node-config-provider",
        "@smithy/property-provider",
        "@smithy/types",
        "@smithy/url-parser",
        "tslib"
      ]
    },
    "@smithy/eventstream-codec@4.0.2": {
      "integrity": "sha512-p+f2kLSK7ZrXVfskU/f5dzksKTewZk8pJLPvER3aFHPt76C2MxD9vNatSfLzzQSQB4FNO96RK4PSXfhD1TTeMQ==",
      "dependencies": [
        "@aws-crypto/crc32",
        "@smithy/types",
        "@smithy/util-hex-encoding",
        "tslib"
      ]
    },
    "@smithy/eventstream-serde-browser@4.0.2": {
      "integrity": "sha512-CepZCDs2xgVUtH7ZZ7oDdZFH8e6Y2zOv8iiX6RhndH69nlojCALSKK+OXwZUgOtUZEUaZ5e1hULVCHYbCn7pug==",
      "dependencies": [
        "@smithy/eventstream-serde-universal",
        "@smithy/types",
        "tslib"
      ]
    },
    "@smithy/eventstream-serde-config-resolver@4.1.0": {
      "integrity": "sha512-1PI+WPZ5TWXrfj3CIoKyUycYynYJgZjuQo8U+sphneOtjsgrttYybdqESFReQrdWJ+LKt6NEdbYzmmfDBmjX2A==",
      "dependencies": [
        "@smithy/types",
        "tslib"
      ]
    },
    "@smithy/eventstream-serde-node@4.0.2": {
      "integrity": "sha512-C5bJ/C6x9ENPMx2cFOirspnF9ZsBVnBMtP6BdPl/qYSuUawdGQ34Lq0dMcf42QTjUZgWGbUIZnz6+zLxJlb9aw==",
      "dependencies": [
        "@smithy/eventstream-serde-universal",
        "@smithy/types",
        "tslib"
      ]
    },
    "@smithy/eventstream-serde-universal@4.0.2": {
      "integrity": "sha512-St8h9JqzvnbB52FtckiHPN4U/cnXcarMniXRXTKn0r4b4XesZOGiAyUdj1aXbqqn1icSqBlzzUsCl6nPB018ng==",
      "dependencies": [
        "@smithy/eventstream-codec",
        "@smithy/types",
        "tslib"
      ]
    },
    "@smithy/fetch-http-handler@5.0.2": {
      "integrity": "sha512-+9Dz8sakS9pe7f2cBocpJXdeVjMopUDLgZs1yWeu7h++WqSbjUYv/JAJwKwXw1HV6gq1jyWjxuyn24E2GhoEcQ==",
      "dependencies": [
        "@smithy/protocol-http",
        "@smithy/querystring-builder",
        "@smithy/types",
        "@smithy/util-base64",
        "tslib"
      ]
    },
    "@smithy/hash-blob-browser@4.0.2": {
      "integrity": "sha512-3g188Z3DyhtzfBRxpZjU8R9PpOQuYsbNnyStc/ZVS+9nVX1f6XeNOa9IrAh35HwwIZg+XWk8bFVtNINVscBP+g==",
      "dependencies": [
        "@smithy/chunked-blob-reader",
        "@smithy/chunked-blob-reader-native",
        "@smithy/types",
        "tslib"
      ]
    },
    "@smithy/hash-node@4.0.2": {
      "integrity": "sha512-VnTpYPnRUE7yVhWozFdlxcYknv9UN7CeOqSrMH+V877v4oqtVYuoqhIhtSjmGPvYrYnAkaM61sLMKHvxL138yg==",
      "dependencies": [
        "@smithy/types",
        "@smithy/util-buffer-from@4.0.0",
        "@smithy/util-utf8@4.0.0",
        "tslib"
      ]
    },
    "@smithy/hash-stream-node@4.0.2": {
      "integrity": "sha512-POWDuTznzbIwlEXEvvXoPMS10y0WKXK790soe57tFRfvf4zBHyzE529HpZMqmDdwG9MfFflnyzndUQ8j78ZdSg==",
      "dependencies": [
        "@smithy/types",
        "@smithy/util-utf8@4.0.0",
        "tslib"
      ]
    },
    "@smithy/invalid-dependency@4.0.2": {
      "integrity": "sha512-GatB4+2DTpgWPday+mnUkoumP54u/MDM/5u44KF9hIu8jF0uafZtQLcdfIKkIcUNuF/fBojpLEHZS/56JqPeXQ==",
      "dependencies": [
        "@smithy/types",
        "tslib"
      ]
    },
    "@smithy/is-array-buffer@2.2.0": {
      "integrity": "sha512-GGP3O9QFD24uGeAXYUjwSTXARoqpZykHadOmA8G5vfJPK0/DC67qa//0qvqrJzL1xc8WQWX7/yc7fwudjPHPhA==",
      "dependencies": [
        "tslib"
      ]
    },
    "@smithy/is-array-buffer@4.0.0": {
      "integrity": "sha512-saYhF8ZZNoJDTvJBEWgeBccCg+yvp1CX+ed12yORU3NilJScfc6gfch2oVb4QgxZrGUx3/ZJlb+c/dJbyupxlw==",
      "dependencies": [
        "tslib"
      ]
    },
    "@smithy/md5-js@4.0.2": {
      "integrity": "sha512-Hc0R8EiuVunUewCse2syVgA2AfSRco3LyAv07B/zCOMa+jpXI9ll+Q21Nc6FAlYPcpNcAXqBzMhNs1CD/pP2bA==",
      "dependencies": [
        "@smithy/types",
        "@smithy/util-utf8@4.0.0",
        "tslib"
      ]
    },
    "@smithy/middleware-content-length@4.0.2": {
      "integrity": "sha512-hAfEXm1zU+ELvucxqQ7I8SszwQ4znWMbNv6PLMndN83JJN41EPuS93AIyh2N+gJ6x8QFhzSO6b7q2e6oClDI8A==",
      "dependencies": [
        "@smithy/protocol-http",
        "@smithy/types",
        "tslib"
      ]
    },
    "@smithy/middleware-endpoint@4.1.0": {
      "integrity": "sha512-xhLimgNCbCzsUppRTGXWkZywksuTThxaIB0HwbpsVLY5sceac4e1TZ/WKYqufQLaUy+gUSJGNdwD2jo3cXL0iA==",
      "dependencies": [
        "@smithy/core",
        "@smithy/middleware-serde",
        "@smithy/node-config-provider",
        "@smithy/shared-ini-file-loader",
        "@smithy/types",
        "@smithy/url-parser",
        "@smithy/util-middleware",
        "tslib"
      ]
    },
    "@smithy/middleware-retry@4.1.0": {
      "integrity": "sha512-2zAagd1s6hAaI/ap6SXi5T3dDwBOczOMCSkkYzktqN1+tzbk1GAsHNAdo/1uzxz3Ky02jvZQwbi/vmDA6z4Oyg==",
      "dependencies": [
        "@smithy/node-config-provider",
        "@smithy/protocol-http",
        "@smithy/service-error-classification",
        "@smithy/smithy-client",
        "@smithy/types",
        "@smithy/util-middleware",
        "@smithy/util-retry",
        "tslib",
        "uuid"
      ]
    },
    "@smithy/middleware-serde@4.0.3": {
      "integrity": "sha512-rfgDVrgLEVMmMn0BI8O+8OVr6vXzjV7HZj57l0QxslhzbvVfikZbVfBVthjLHqib4BW44QhcIgJpvebHlRaC9A==",
      "dependencies": [
        "@smithy/types",
        "tslib"
      ]
    },
    "@smithy/middleware-stack@4.0.2": {
      "integrity": "sha512-eSPVcuJJGVYrFYu2hEq8g8WWdJav3sdrI4o2c6z/rjnYDd3xH9j9E7deZQCzFn4QvGPouLngH3dQ+QVTxv5bOQ==",
      "dependencies": [
        "@smithy/types",
        "tslib"
      ]
    },
    "@smithy/node-config-provider@4.0.2": {
      "integrity": "sha512-WgCkILRZfJwJ4Da92a6t3ozN/zcvYyJGUTmfGbgS/FkCcoCjl7G4FJaCDN1ySdvLvemnQeo25FdkyMSTSwulsw==",
      "dependencies": [
        "@smithy/property-provider",
        "@smithy/shared-ini-file-loader",
        "@smithy/types",
        "tslib"
      ]
    },
    "@smithy/node-http-handler@4.0.4": {
      "integrity": "sha512-/mdqabuAT3o/ihBGjL94PUbTSPSRJ0eeVTdgADzow0wRJ0rN4A27EOrtlK56MYiO1fDvlO3jVTCxQtQmK9dZ1g==",
      "dependencies": [
        "@smithy/abort-controller",
        "@smithy/protocol-http",
        "@smithy/querystring-builder",
        "@smithy/types",
        "tslib"
      ]
    },
    "@smithy/property-provider@4.0.2": {
      "integrity": "sha512-wNRoQC1uISOuNc2s4hkOYwYllmiyrvVXWMtq+TysNRVQaHm4yoafYQyjN/goYZS+QbYlPIbb/QRjaUZMuzwQ7A==",
      "dependencies": [
        "@smithy/types",
        "tslib"
      ]
    },
    "@smithy/protocol-http@5.1.0": {
      "integrity": "sha512-KxAOL1nUNw2JTYrtviRRjEnykIDhxc84qMBzxvu1MUfQfHTuBlCG7PA6EdVwqpJjH7glw7FqQoFxUJSyBQgu7g==",
      "dependencies": [
        "@smithy/types",
        "tslib"
      ]
    },
    "@smithy/querystring-builder@4.0.2": {
      "integrity": "sha512-NTOs0FwHw1vimmQM4ebh+wFQvOwkEf/kQL6bSM1Lock+Bv4I89B3hGYoUEPkmvYPkDKyp5UdXJYu+PoTQ3T31Q==",
      "dependencies": [
        "@smithy/types",
        "@smithy/util-uri-escape",
        "tslib"
      ]
    },
    "@smithy/querystring-parser@4.0.2": {
      "integrity": "sha512-v6w8wnmZcVXjfVLjxw8qF7OwESD9wnpjp0Dqry/Pod0/5vcEA3qxCr+BhbOHlxS8O+29eLpT3aagxXGwIoEk7Q==",
      "dependencies": [
        "@smithy/types",
        "tslib"
      ]
    },
    "@smithy/service-error-classification@4.0.2": {
      "integrity": "sha512-LA86xeFpTKn270Hbkixqs5n73S+LVM0/VZco8dqd+JT75Dyx3Lcw/MraL7ybjmz786+160K8rPOmhsq0SocoJQ==",
      "dependencies": [
        "@smithy/types"
      ]
    },
    "@smithy/shared-ini-file-loader@4.0.2": {
      "integrity": "sha512-J9/gTWBGVuFZ01oVA6vdb4DAjf1XbDhK6sLsu3OS9qmLrS6KB5ygpeHiM3miIbj1qgSJ96GYszXFWv6ErJ8QEw==",
      "dependencies": [
        "@smithy/types",
        "tslib"
      ]
    },
    "@smithy/signature-v4@5.0.2": {
      "integrity": "sha512-Mz+mc7okA73Lyz8zQKJNyr7lIcHLiPYp0+oiqiMNc/t7/Kf2BENs5d63pEj7oPqdjaum6g0Fc8wC78dY1TgtXw==",
      "dependencies": [
        "@smithy/is-array-buffer@4.0.0",
        "@smithy/protocol-http",
        "@smithy/types",
        "@smithy/util-hex-encoding",
        "@smithy/util-middleware",
        "@smithy/util-uri-escape",
        "@smithy/util-utf8@4.0.0",
        "tslib"
      ]
    },
    "@smithy/smithy-client@4.2.0": {
      "integrity": "sha512-Qs65/w30pWV7LSFAez9DKy0Koaoh3iHhpcpCCJ4waj/iqwsuSzJna2+vYwq46yBaqO5ZbP9TjUsATUNxrKeBdw==",
      "dependencies": [
        "@smithy/core",
        "@smithy/middleware-endpoint",
        "@smithy/middleware-stack",
        "@smithy/protocol-http",
        "@smithy/types",
        "@smithy/util-stream",
        "tslib"
      ]
    },
    "@smithy/types@4.2.0": {
      "integrity": "sha512-7eMk09zQKCO+E/ivsjQv+fDlOupcFUCSC/L2YUPgwhvowVGWbPQHjEFcmjt7QQ4ra5lyowS92SV53Zc6XD4+fg==",
      "dependencies": [
        "tslib"
      ]
    },
    "@smithy/url-parser@4.0.2": {
      "integrity": "sha512-Bm8n3j2ScqnT+kJaClSVCMeiSenK6jVAzZCNewsYWuZtnBehEz4r2qP0riZySZVfzB+03XZHJeqfmJDkeeSLiQ==",
      "dependencies": [
        "@smithy/querystring-parser",
        "@smithy/types",
        "tslib"
      ]
    },
    "@smithy/util-base64@4.0.0": {
      "integrity": "sha512-CvHfCmO2mchox9kjrtzoHkWHxjHZzaFojLc8quxXY7WAAMAg43nuxwv95tATVgQFNDwd4M9S1qFzj40Ul41Kmg==",
      "dependencies": [
        "@smithy/util-buffer-from@4.0.0",
        "@smithy/util-utf8@4.0.0",
        "tslib"
      ]
    },
    "@smithy/util-body-length-browser@4.0.0": {
      "integrity": "sha512-sNi3DL0/k64/LO3A256M+m3CDdG6V7WKWHdAiBBMUN8S3hK3aMPhwnPik2A/a2ONN+9doY9UxaLfgqsIRg69QA==",
      "dependencies": [
        "tslib"
      ]
    },
    "@smithy/util-body-length-node@4.0.0": {
      "integrity": "sha512-q0iDP3VsZzqJyje8xJWEJCNIu3lktUGVoSy1KB0UWym2CL1siV3artm+u1DFYTLejpsrdGyCSWBdGNjJzfDPjg==",
      "dependencies": [
        "tslib"
      ]
    },
    "@smithy/util-buffer-from@2.2.0": {
      "integrity": "sha512-IJdWBbTcMQ6DA0gdNhh/BwrLkDR+ADW5Kr1aZmd4k3DIF6ezMV4R2NIAmT08wQJ3yUK82thHWmC/TnK/wpMMIA==",
      "dependencies": [
        "@smithy/is-array-buffer@2.2.0",
        "tslib"
      ]
    },
    "@smithy/util-buffer-from@4.0.0": {
      "integrity": "sha512-9TOQ7781sZvddgO8nxueKi3+yGvkY35kotA0Y6BWRajAv8jjmigQ1sBwz0UX47pQMYXJPahSKEKYFgt+rXdcug==",
      "dependencies": [
        "@smithy/is-array-buffer@4.0.0",
        "tslib"
      ]
    },
    "@smithy/util-config-provider@4.0.0": {
      "integrity": "sha512-L1RBVzLyfE8OXH+1hsJ8p+acNUSirQnWQ6/EgpchV88G6zGBTDPdXiiExei6Z1wR2RxYvxY/XLw6AMNCCt8H3w==",
      "dependencies": [
        "tslib"
      ]
    },
    "@smithy/util-defaults-mode-browser@4.0.8": {
      "integrity": "sha512-ZTypzBra+lI/LfTYZeop9UjoJhhGRTg3pxrNpfSTQLd3AJ37r2z4AXTKpq1rFXiiUIJsYyFgNJdjWRGP/cbBaQ==",
      "dependencies": [
        "@smithy/property-provider",
        "@smithy/smithy-client",
        "@smithy/types",
        "bowser",
        "tslib"
      ]
    },
    "@smithy/util-defaults-mode-node@4.0.8": {
      "integrity": "sha512-Rgk0Jc/UDfRTzVthye/k2dDsz5Xxs9LZaKCNPgJTRyoyBoeiNCnHsYGOyu1PKN+sDyPnJzMOz22JbwxzBp9NNA==",
      "dependencies": [
        "@smithy/config-resolver",
        "@smithy/credential-provider-imds",
        "@smithy/node-config-provider",
        "@smithy/property-provider",
        "@smithy/smithy-client",
        "@smithy/types",
        "tslib"
      ]
    },
    "@smithy/util-endpoints@3.0.2": {
      "integrity": "sha512-6QSutU5ZyrpNbnd51zRTL7goojlcnuOB55+F9VBD+j8JpRY50IGamsjlycrmpn8PQkmJucFW8A0LSfXj7jjtLQ==",
      "dependencies": [
        "@smithy/node-config-provider",
        "@smithy/types",
        "tslib"
      ]
    },
    "@smithy/util-hex-encoding@4.0.0": {
      "integrity": "sha512-Yk5mLhHtfIgW2W2WQZWSg5kuMZCVbvhFmC7rV4IO2QqnZdbEFPmQnCcGMAX2z/8Qj3B9hYYNjZOhWym+RwhePw==",
      "dependencies": [
        "tslib"
      ]
    },
    "@smithy/util-middleware@4.0.2": {
      "integrity": "sha512-6GDamTGLuBQVAEuQ4yDQ+ti/YINf/MEmIegrEeg7DdB/sld8BX1lqt9RRuIcABOhAGTA50bRbPzErez7SlDtDQ==",
      "dependencies": [
        "@smithy/types",
        "tslib"
      ]
    },
    "@smithy/util-retry@4.0.2": {
      "integrity": "sha512-Qryc+QG+7BCpvjloFLQrmlSd0RsVRHejRXd78jNO3+oREueCjwG1CCEH1vduw/ZkM1U9TztwIKVIi3+8MJScGg==",
      "dependencies": [
        "@smithy/service-error-classification",
        "@smithy/types",
        "tslib"
      ]
    },
    "@smithy/util-stream@4.2.0": {
      "integrity": "sha512-Vj1TtwWnuWqdgQI6YTUF5hQ/0jmFiOYsc51CSMgj7QfyO+RF4EnT2HNjoviNlOOmgzgvf3f5yno+EiC4vrnaWQ==",
      "dependencies": [
        "@smithy/fetch-http-handler",
        "@smithy/node-http-handler",
        "@smithy/types",
        "@smithy/util-base64",
        "@smithy/util-buffer-from@4.0.0",
        "@smithy/util-hex-encoding",
        "@smithy/util-utf8@4.0.0",
        "tslib"
      ]
    },
    "@smithy/util-uri-escape@4.0.0": {
      "integrity": "sha512-77yfbCbQMtgtTylO9itEAdpPXSog3ZxMe09AEhm0dU0NLTalV70ghDZFR+Nfi1C60jnJoh/Re4090/DuZh2Omg==",
      "dependencies": [
        "tslib"
      ]
    },
    "@smithy/util-utf8@2.3.0": {
      "integrity": "sha512-R8Rdn8Hy72KKcebgLiv8jQcQkXoLMOGGv5uI1/k0l+snqkOzQ1R0ChUBCxWMlBsFMekWjq0wRudIweFs7sKT5A==",
      "dependencies": [
        "@smithy/util-buffer-from@2.2.0",
        "tslib"
      ]
    },
    "@smithy/util-utf8@4.0.0": {
      "integrity": "sha512-b+zebfKCfRdgNJDknHCob3O7FpeYQN6ZG6YLExMcasDHsCXlsXCEuiPZeLnJLpwa5dvPetGlnGCiMHuLwGvFow==",
      "dependencies": [
        "@smithy/util-buffer-from@4.0.0",
        "tslib"
      ]
    },
    "@smithy/util-waiter@4.0.3": {
      "integrity": "sha512-JtaY3FxmD+te+KSI2FJuEcfNC9T/DGGVf551babM7fAaXhjJUt7oSYurH1Devxd2+BOSUACCgt3buinx4UnmEA==",
      "dependencies": [
        "@smithy/abort-controller",
        "@smithy/types",
        "tslib"
      ]
    },
    "@sveltejs/acorn-typescript@1.0.5_acorn@8.14.1": {
      "integrity": "sha512-IwQk4yfwLdibDlrXVE04jTZYlLnwsTT2PIOQQGNLWfjavGifnk1JD1LcZjZaBTRcxZu2FfPfNLOE04DSu9lqtQ==",
      "dependencies": [
        "acorn"
      ]
    },
    "@tsconfig/node10@1.0.11": {
      "integrity": "sha512-DcRjDCujK/kCk/cUe8Xz8ZSpm8mS3mNNpta+jGCA6USEDfktlNvm1+IuZ9eTcDbNk41BHwpHHeW+N1lKCz4zOw=="
    },
    "@tsconfig/node12@1.0.11": {
      "integrity": "sha512-cqefuRsh12pWyGsIoBKJA9luFu3mRxCA+ORZvA4ktLSzIuCUtWVxGIuXigEwO5/ywWFMZ2QEGKWvkZG1zDMTag=="
    },
    "@tsconfig/node14@1.0.3": {
      "integrity": "sha512-ysT8mhdixWK6Hw3i1V2AeRqZ5WfXg1G43mqoYlM2nc6388Fq5jcXyr5mRsqViLx/GJYdoL0bfXD8nmF+Zn/Iow=="
    },
    "@tsconfig/node16@1.0.4": {
      "integrity": "sha512-vxhUy4J8lyeyinH7Azl1pdd43GJhZH/tP2weN8TntQblOY+A0XbT8DJk1/oCPuOOyg/Ja757rG0CgHcWC8OfMA=="
    },
    "@types/estree@1.0.7": {
      "integrity": "sha512-w28IoSUCJpidD/TGviZwwMJckNESJZXFu7NBZ5YJ4mEUnNraUn9Pm8HSZm/jDF1pDWYKspWE7oVphigUPRakIQ=="
    },
    "@types/node@22.12.0": {
      "integrity": "sha512-Fll2FZ1riMjNmlmJOdAyY5pUbkftXslB5DgEzlIuNaiWhXd00FhWxVC/r4yV/4wBb9JfImTu+jiSvXTkJ7F/gA==",
      "dependencies": [
        "undici-types"
      ]
    },
    "acorn-walk@8.3.4": {
      "integrity": "sha512-ueEepnujpqee2o5aIYnvHU6C0A42MNdsIDeqy5BydrkuC5R1ZuUFnm27EeFJGoEHJQgn3uleRvmTXaJgfXbt4g==",
      "dependencies": [
        "acorn"
      ]
    },
    "acorn@8.14.1": {
      "integrity": "sha512-OvQ/2pUDKmgfCg++xsTX1wGxfTaszcHVcTctW4UJB4hibJx2HXxxO5UmVgyjMa+ZDsiaf5wWLXYpRWMmBI0QHg=="
    },
    "arg@4.1.3": {
      "integrity": "sha512-58S9QDqG0Xx27YwPSt9fJxivjYl432YCwfDMfZ+71RAqUrZef7LrKQZ3LHLOwCS4FLNBplP533Zx895SeOCHvA=="
    },
    "aria-query@5.3.2": {
      "integrity": "sha512-COROpnaoap1E2F000S62r6A60uHZnmlvomhfyT2DlTcrY1OrBKn2UhH7qn5wTC9zMvD0AY7csdPSNwKP+7WiQw=="
    },
    "arktype@2.1.19": {
      "integrity": "sha512-notORSuTSpfLV7rq0kYC4mTgIVlVR0xQuvtFxOaE9aKiXyON/kgoIBwZZcKeSSb4BebNcfJoGlxJicAUl/HMdw==",
      "dependencies": [
        "@ark/schema",
        "@ark/util"
      ]
    },
    "axobject-query@4.1.0": {
      "integrity": "sha512-qIj0G9wZbMGNLjLmg1PT6v2mE9AH2zlnADJD/2tC6E00hgmhUOfEB6greHPAfLRSufHqROIUTkw6E+M3lH0PTQ=="
    },
    "base-x@4.0.1": {
      "integrity": "sha512-uAZ8x6r6S3aUM9rbHGVOIsR15U/ZSc82b3ymnCPsT45Gk1DDvhDPdIgB5MrhirZWt+5K0EEPQH985kNqZgNPFw=="
    },
    "base32-decode@1.0.0": {
      "integrity": "sha512-KNWUX/R7wKenwE/G/qFMzGScOgVntOmbE27vvc6GrniDGYb6a5+qWcuoXl8WIOQL7q0TpK7nZDm1Y04Yi3Yn5g=="
    },
    "base32-encode@2.0.0": {
      "integrity": "sha512-mlmkfc2WqdDtMl/id4qm3A7RjW6jxcbAoMjdRmsPiwQP0ufD4oXItYMnPgVHe80lnAIy+1xwzhHE1s4FoIceSw==",
      "dependencies": [
        "to-data-view"
      ]
    },
    "bcryptjs@3.0.2": {
      "integrity": "sha512-k38b3XOZKv60C4E2hVsXTolJWfkGRMbILBIe2IBITXciy5bOsTKot5kDrf3ZfufQtQOUN5mXceUEpU1rTl9Uog=="
    },
    "bowser@2.11.0": {
      "integrity": "sha512-AlcaJBi/pqqJBIQ8U9Mcpc9i8Aqxn88Skv5d+xBX006BY5u8N3mGLHa5Lgppa7L/HfwgwLgZ6NYs+Ag6uUmJRA=="
    },
    "bs58@5.0.0": {
      "integrity": "sha512-r+ihvQJvahgYT50JD05dyJNKlmmSlMoOGwn1lCcEzanPglg7TxYjioQUYehQ9mAR/+hOSd2jRc/Z2y5UxBymvQ==",
      "dependencies": [
        "base-x"
      ]
    },
    "bs58check@3.0.1": {
      "integrity": "sha512-hjuuJvoWEybo7Hn/0xOrczQKKEKD63WguEjlhLExYs2wUBcebDC1jDNK17eEAD2lYfw82d5ASC1d7K3SWszjaQ==",
      "dependencies": [
        "@noble/hashes",
        "bs58"
      ]
    },
    "cbor-extract@2.2.0": {
      "integrity": "sha512-Ig1zM66BjLfTXpNgKpvBePq271BPOvu8MR0Jl080yG7Jsl+wAZunfrwiwA+9ruzm/WEdIV5QF/bjDZTqyAIVHA==",
      "dependencies": [
        "@cbor-extract/cbor-extract-darwin-arm64",
        "@cbor-extract/cbor-extract-darwin-x64",
        "@cbor-extract/cbor-extract-linux-arm",
        "@cbor-extract/cbor-extract-linux-arm64",
        "@cbor-extract/cbor-extract-linux-x64",
        "@cbor-extract/cbor-extract-win32-x64",
        "node-gyp-build-optional-packages"
      ]
    },
    "cbor-x@1.6.0": {
      "integrity": "sha512-0kareyRwHSkL6ws5VXHEf8uY1liitysCVJjlmhaLG+IXLqhSaOO+t63coaso7yjwEzWZzLy8fJo06gZDVQM9Qg==",
      "dependencies": [
        "cbor-extract"
      ]
    },
    "clsx@2.1.1": {
      "integrity": "sha512-eYm0QWBtUrBWZWG0d386OGAw16Z995PiOVo2B7bjWSbHedGl5e0ZWaq65kOGgUSNesEIDkB9ISbTg/JK9dhCZA=="
    },
    "create-require@1.1.1": {
      "integrity": "sha512-dcKFX3jn0MpIaXjisoRvexIJVEKzaq7z2rZKxf+MSr9TkdmHmsU4m2lcLojrj/FHl8mk5VxMmYA+ftRkP/3oKQ=="
    },
    "debug@4.4.0": {
      "integrity": "sha512-6WTZ/IxCY/T6BALoZHaE4ctp9xm+Z5kY/pzYaCHRFeyVhojxlrm+46y68HA6hr0TcwEssoxNiDEUJQjfPZ/RYA==",
      "dependencies": [
        "ms"
      ]
    },
    "detect-libc@2.0.3": {
      "integrity": "sha512-bwy0MGW55bG41VqxxypOsdSdGqLwXPI/focwgTYCFMbdUiBAxLg9CFzG08sz2aqzknwiX7Hkl0bQENjg8iLByw=="
    },
    "diff@4.0.2": {
      "integrity": "sha512-58lmxKSA4BNyLz+HHMUzlOEpg09FV+ev6ZMe3vJihgdxzgcwZ8VoEEPmALCZG9LmqfVoNMMKpttIYTVG6uDY7A=="
    },
    "esm-env@1.2.2": {
      "integrity": "sha512-Epxrv+Nr/CaL4ZcFGPJIYLWFom+YeV1DqMLHJoEd9SYRxNbaFruBwfEX/kkHUJf55j2+TUbmDcmuilbP1TmXHA=="
    },
    "esrap@1.4.6": {
      "integrity": "sha512-F/D2mADJ9SHY3IwksD4DAXjTt7qt7GWUf3/8RhCNWmC/67tyb55dpimHmy7EplakFaflV0R/PC+fdSPqrRHAQw==",
      "dependencies": [
        "@jridgewell/sourcemap-codec"
      ]
    },
    "eventemitter3@5.0.1": {
      "integrity": "sha512-GWkBvjiSZK87ELrYOSESUYeVIc9mvLLf/nXalMOS5dYrgZq9o5OVkbZAVM06CVxYsCwH9BDZFPlQTlPA1j4ahA=="
    },
    "fast-sha256@1.3.0": {
      "integrity": "sha512-n11RGP/lrWEFI/bWdygLxhI+pVeo1ZYIVwvvPkW7azl/rOy+F3HYRZ2K5zeE9mmkhQppyv9sQFx0JM9UabnpPQ=="
    },
    "fast-xml-parser@4.4.1": {
      "integrity": "sha512-xkjOecfnKGkSsOwtZ5Pz7Us/T6mrbPQrq0nh+aCO5V9nk5NLWmasAHumTKjiPJPWANe+kAZ84Jc8ooJkzZ88Sw==",
      "dependencies": [
        "strnum"
      ]
    },
    "is-reference@3.0.3": {
      "integrity": "sha512-ixkJoqQvAP88E6wLydLGGqCJsrFUnqoH6HnaczB8XmDH1oaWU+xxdptvikTgaEhtZ53Ky6YXiBuUI2WXLMCwjw==",
      "dependencies": [
        "@types/estree"
      ]
    },
    "itty-router@5.0.18": {
      "integrity": "sha512-mK3ReOt4ARAGy0V0J7uHmArG2USN2x0zprZ+u+YgmeRjXTDbaowDy3kPcsmQY6tH+uHhDgpWit9Vqmv/4rTXwA=="
    },
    "locate-character@3.0.0": {
      "integrity": "sha512-SW13ws7BjaeJ6p7Q6CO2nchbYEc3X3J6WrmTTDto7yMPqVSZTUyY5Tjbid+Ab8gLnATtygYtiDIJGQRRn2ZOiA=="
    },
    "loro-crdt@1.5.1": {
      "integrity": "sha512-Q7KEuzx/nS/pr8+pjyaz5xBxR7eUGAn42keoQ3j3JmgSW1APgWyjLFUbiahBjNm16+HQrde8By/0jCker7XBYQ=="
    },
    "magic-string@0.30.17": {
      "integrity": "sha512-sNPKHvyjVf7gyjwS4xGTaW/mCnF8wnjtifKBEhxfZ7E/S8tQ0rssrwGNn6q8JH/ohItJfSQp9mBtQYuTlH5QnA==",
      "dependencies": [
        "@jridgewell/sourcemap-codec"
      ]
    },
    "make-error@1.3.6": {
      "integrity": "sha512-s8UhlNe7vPKomQhC1qFelMokr/Sc3AgNbso3n74mVPA5LTZwkB9NlXf4XPamLxJE8h0gh73rM94xvwRT2CVInw=="
    },
    "ms@2.1.3": {
      "integrity": "sha512-6FlzubTLZG3J2a/NVCAleEhjzq5oxgHyaCU9yYXvcLsvoVaHJq/s5xXI6/XXP6tz7R9xAOtHnSO/tXtF3WRTlA=="
    },
    "node-gyp-build-optional-packages@5.1.1": {
      "integrity": "sha512-+P72GAjVAbTxjjwUmwjVrqrdZROD4nf8KgpBoDxqXXTiYZZt/ud60dE5yvCSr9lRO8e8yv6kgJIC0K0PfZFVQw==",
      "dependencies": [
        "detect-libc"
      ]
    },
    "strnum@1.1.2": {
      "integrity": "sha512-vrN+B7DBIoTTZjnPNewwhx6cBA/H+IS7rfW68n7XxC1y7uoiGQBxaKzqucGUgavX15dJgiGztLJ8vxuEzwqBdA=="
    },
    "svelte@5.25.8_acorn@8.14.1": {
      "integrity": "sha512-yRmjmT5rgCZUMfCKS5varGlSe/nQyr2oClyIirbBChfTFc00YjVAyVWo1zOH74La3hi5KRSkNJKncyJ04PwIYA==",
      "dependencies": [
        "@ampproject/remapping",
        "@jridgewell/sourcemap-codec",
        "@sveltejs/acorn-typescript",
        "@types/estree",
        "acorn",
        "aria-query",
        "axobject-query",
        "clsx",
        "esm-env",
        "esrap",
        "is-reference",
        "locate-character",
        "magic-string",
        "zimmerframe"
      ]
    },
    "tiny-typed-emitter@2.1.0": {
      "integrity": "sha512-qVtvMxeXbVej0cQWKqVSSAHmKZEHAvxdF8HEUBFWts8h+xEo5m/lEiPakuyZ3BnCBjOD8i24kzNOiOLLgsSxhA=="
    },
    "to-data-view@2.0.0": {
      "integrity": "sha512-RGEM5KqlPHr+WVTPmGNAXNeFEmsBnlkxXaIfEpUYV0AST2Z5W1EGq9L/MENFrMMmL2WQr1wjkmZy/M92eKhjYA=="
    },
    "ts-node@10.9.2_@types+node@22.12.0_typescript@5.8.3": {
      "integrity": "sha512-f0FFpIdcHgn8zcPSbf1dRevwt047YMnaiJM3u2w2RewrB+fob/zePZcrOyQoLMMO7aBIddLcQIEK5dYjkLnGrQ==",
      "dependencies": [
        "@cspotcode/source-map-support",
        "@tsconfig/node10",
        "@tsconfig/node12",
        "@tsconfig/node14",
        "@tsconfig/node16",
        "@types/node",
        "acorn",
        "acorn-walk",
        "arg",
        "create-require",
        "diff",
        "make-error",
        "typescript",
        "v8-compile-cache-lib",
        "yn"
      ]
    },
    "tslib@2.8.1": {
      "integrity": "sha512-oJFu94HQb+KVduSUQL7wnpmqnfmLsOA/nAh6b6EH0wCEoK0/mPeXU6c3wKDV83MkOuHPRHtSXKKU99IBazS/2w=="
    },
    "typescript@5.8.3": {
      "integrity": "sha512-p1diW6TqL9L07nNxvRMM7hMMw4c5XOo/1ibL4aAIGmSAt9slTE1Xgw5KWuof2uTOvCg9BY7ZRi+GaF+7sfgPeQ=="
    },
    "undici-types@6.20.0": {
      "integrity": "sha512-Ny6QZ2Nju20vw1SRHe3d9jVu6gJ+4e3+MMpqu7pqE5HT6WsTSlce++GQmK5UXS8mzV8DSYHrQH+Xrf2jVcuKNg=="
    },
    "uuid@9.0.1": {
      "integrity": "sha512-b+1eJOlsR9K8HJpow9Ok3fiWOWSIcIzXodvv0rQjVoOVNpWMpxf1wZNpt4y9h10odCNrqnYp1OBzRktckBe3sA=="
    },
    "v8-compile-cache-lib@3.0.1": {
      "integrity": "sha512-wa7YjyUGfNZngI/vtK0UHAN+lgDCxBPCylVXGp0zu59Fz5aiGtNXaq3DhIov063MorB+VfufLh3JlF2KdTK3xg=="
    },
    "xstate@5.19.2": {
      "integrity": "sha512-B8fL2aP0ogn5aviAXFzI5oZseAMqN00fg/TeDa3ZtatyDcViYLIfuQl4y8qmHCiKZgGEzmnTyNtNQL9oeJE2gw=="
    },
    "yn@3.1.1": {
      "integrity": "sha512-Ux4ygGWsu2c7isFWe8Yu1YluJmqVhxqK2cLXNQA5AcC3QfbGNpM7fu0Y8b/z16pXLnFxZYvWhd3fhBY9DLmC6Q=="
    },
    "zimmerframe@1.1.2": {
      "integrity": "sha512-rAbqEGa8ovJy4pyBxZM70hg4pE6gDgaQ0Sl9M3enG3I0d6H4XSAM3GeNGLKnsBpuijUow064sf7ww1nutC5/3w=="
    }
  },
  "remote": {
    "https://raw.githubusercontent.com/thepaperpilot/AuthenticatedLeafSyncServer/29c23bd972007687e330f64b388d30398900e225/src/index.ts": "420653f5d9fc403f9ab71039b8f71c49921a308d107b51352604186735856a7f",
    "https://raw.githubusercontent.com/thepaperpilot/LeafS3StorageAdapter/3b33339fc447e43b11cead55c443075e057f43ad/src/index.ts": "a9b56a73fb4d2bb70ddaeeeefd83256501c78f68d169945c3805db33416bcaac"
  },
  "workspace": {
    "dependencies": [
      "jsr:@muni-town/leaf@~0.2.0-preview.13",
      "npm:@aws-sdk/client-s3@*",
      "npm:bcryptjs@*",
      "npm:itty-router@*"
    ]
  }
}
